
Microsoft Visual Studio Solution File, Format Version 12.00
Project("{FAE04EC0-301F-11D3-BF4B-00C04F79EFBC}") = "BitBuggy.Shipping.Maui", "BitBuggy.Shipping.Maui.csproj", "{210BE500-8C5D-42AF-813C-3A1616DCDF3D}"
EndProject
Global
	GlobalSection(SolutionConfigurationPlatforms) = preSolution
		Debug|Any CPU = Debug|Any CPU
		Release|Any CPU = Release|Any CPU
	EndGlobalSection
	GlobalSection(ProjectConfigurationPlatforms) = postSolution
		{210BE500-8C5D-42AF-813C-3A1616DCDF3D}.Debug|Any CPU.ActiveCfg = Debug|Any CPU
		{210BE500-8C5D-42AF-813C-3A1616DCDF3D}.Debug|Any CPU.Build.0 = Debug|Any CPU
		{210BE500-8C5D-42AF-813C-3A1616DCDF3D}.Release|Any CPU.ActiveCfg = Release|Any CPU
		{210BE500-8C5D-42AF-813C-3A1616DCDF3D}.Release|Any CPU.Build.0 = Release|Any CPU
	EndGlobalSection
EndGlobal
